# THIS IS AN AUTOGENERATED FILE. DO NOT EDIT THIS FILE DIRECTLY.
# yarn lockfile v1


react-range@^1.8.14:
  version "1.8.14"
  resolved "https://registry.yarnpkg.com/react-range/-/react-range-1.8.14.tgz#11047f69b365ac6c75c3d715771ebe76b93982ec"
  integrity sha512-v2nyD5106rHf9dwHzq+WRlhCes83h1wJRHIMFjbZsYYsO6LF4mG/mR3cH7Cf+dkeHq65DItuqIbLn/3jjYjsHg==
